
Microsoft Visual Studio Solution File, Format Version 12.00
# Visual Studio 14
VisualStudioVersion = 14.0.25420.1
MinimumVisualStudioVersion = 10.0.40219.1
Project("{FAE04EC0-301F-11D3-BF4B-00C04F79EFBC}") = "POSSystem", "POSSystem\POSSystem.csproj", "{E457DCCB-31CB-48A2-BC66-8878F6F091ED}"
EndProject
Project("{FAE04EC0-301F-11D3-BF4B-00C04F79EFBC}") = "DAL", "DAL\DAL.csproj", "{971CD65C-16D0-4E88-9177-2195F7DC766B}"
EndProject
Global
	GlobalSection(SolutionConfigurationPlatforms) = preSolution
		Debug|Any CPU = Debug|Any CPU
		Release|Any CPU = Release|Any CPU
	EndGlobalSection
	GlobalSection(ProjectConfigurationPlatforms) = postSolution
		{E457DCCB-31CB-48A2-BC66-8878F6F091ED}.Debug|Any CPU.ActiveCfg = Debug|Any CPU
		{E457DCCB-31CB-48A2-BC66-8878F6F091ED}.Debug|Any CPU.Build.0 = Debug|Any CPU
		{E457DCCB-31CB-48A2-BC66-8878F6F091ED}.Release|Any CPU.ActiveCfg = Release|Any CPU
		{E457DCCB-31CB-48A2-BC66-8878F6F091ED}.Release|Any CPU.Build.0 = Release|Any CPU
		{971CD65C-16D0-4E88-9177-2195F7DC766B}.Debug|Any CPU.ActiveCfg = Debug|Any CPU
		{971CD65C-16D0-4E88-9177-2195F7DC766B}.Debug|Any CPU.Build.0 = Debug|Any CPU
		{971CD65C-16D0-4E88-9177-2195F7DC766B}.Release|Any CPU.ActiveCfg = Release|Any CPU
		{971CD65C-16D0-4E88-9177-2195F7DC766B}.Release|Any CPU.Build.0 = Release|Any CPU
	EndGlobalSection
	GlobalSection(SolutionProperties) = preSolution
		HideSolutionNode = FALSE
	EndGlobalSection
EndGlobal
