
Microsoft Visual Studio Solution File, Format Version 12.00
# Visual Studio 14
VisualStudioVersion = 14.0.25420.1
MinimumVisualStudioVersion = 10.0.40219.1
Project("{FAE04EC0-301F-11D3-BF4B-00C04F79EFBC}") = "POSSystem", "POSSystem\POSSystem.csproj", "{E457DCCB-31CB-48A2-BC66-8878F6F091ED}"
EndProject
Project("{FAE04EC0-301F-11D3-BF4B-00C04F79EFBC}") = "DAL", "DAL\DAL.csproj", "{971CD65C-16D0-4E88-9177-2195F7DC766B}"
EndProject
Project("{FAE04EC0-301F-11D3-BF4B-00C04F79EFBC}") = "DataModels", "DataModels\DataModels.csproj", "{A8EDBC4E-2851-4D85-BA1A-6E6C93DAD331}"
EndProject
Project("{FAE04EC0-301F-11D3-BF4B-00C04F79EFBC}") = "Utility", "Utility\Utility.csproj", "{EC4296DE-115E-4AD7-96D8-FE83F5696F5E}"
EndProject
Project("{FAE04EC0-301F-11D3-BF4B-00C04F79EFBC}") = "Security", "Security\Security.csproj", "{075AB387-8AA9-4FE4-8C47-04A0F95F2931}"
EndProject
Project("{FAE04EC0-301F-11D3-BF4B-00C04F79EFBC}") = "Reports", "Reports\Reports.csproj", "{52A1B959-6CE2-49A3-99C3-7753629434FC}"
EndProject
Project("{FAE04EC0-301F-11D3-BF4B-00C04F79EFBC}") = "BLL", "BLL\BLL.csproj", "{990197FE-F334-417D-86FE-FF4F09EA72CE}"
EndProject
Project("{FAE04EC0-301F-11D3-BF4B-00C04F79EFBC}") = "Sales", "Sales\Sales.csproj", "{E61CE564-F84B-47E9-9678-9F11D5BEE9C0}"
EndProject
Project("{FAE04EC0-301F-11D3-BF4B-00C04F79EFBC}") = "Inventory", "Inventory\Inventory.csproj", "{0F3469E2-CBB5-4BCC-86C0-CFABB021135B}"
EndProject
Global
	GlobalSection(SolutionConfigurationPlatforms) = preSolution
		Debug|Any CPU = Debug|Any CPU
		Release|Any CPU = Release|Any CPU
	EndGlobalSection
	GlobalSection(ProjectConfigurationPlatforms) = postSolution
		{E457DCCB-31CB-48A2-BC66-8878F6F091ED}.Debug|Any CPU.ActiveCfg = Debug|Any CPU
		{E457DCCB-31CB-48A2-BC66-8878F6F091ED}.Debug|Any CPU.Build.0 = Debug|Any CPU
		{E457DCCB-31CB-48A2-BC66-8878F6F091ED}.Release|Any CPU.ActiveCfg = Release|Any CPU
		{E457DCCB-31CB-48A2-BC66-8878F6F091ED}.Release|Any CPU.Build.0 = Release|Any CPU
		{971CD65C-16D0-4E88-9177-2195F7DC766B}.Debug|Any CPU.ActiveCfg = Debug|Any CPU
		{971CD65C-16D0-4E88-9177-2195F7DC766B}.Debug|Any CPU.Build.0 = Debug|Any CPU
		{971CD65C-16D0-4E88-9177-2195F7DC766B}.Release|Any CPU.ActiveCfg = Release|Any CPU
		{971CD65C-16D0-4E88-9177-2195F7DC766B}.Release|Any CPU.Build.0 = Release|Any CPU
		{A8EDBC4E-2851-4D85-BA1A-6E6C93DAD331}.Debug|Any CPU.ActiveCfg = Debug|Any CPU
		{A8EDBC4E-2851-4D85-BA1A-6E6C93DAD331}.Debug|Any CPU.Build.0 = Debug|Any CPU
		{A8EDBC4E-2851-4D85-BA1A-6E6C93DAD331}.Release|Any CPU.ActiveCfg = Release|Any CPU
		{A8EDBC4E-2851-4D85-BA1A-6E6C93DAD331}.Release|Any CPU.Build.0 = Release|Any CPU
		{EC4296DE-115E-4AD7-96D8-FE83F5696F5E}.Debug|Any CPU.ActiveCfg = Debug|Any CPU
		{EC4296DE-115E-4AD7-96D8-FE83F5696F5E}.Debug|Any CPU.Build.0 = Debug|Any CPU
		{EC4296DE-115E-4AD7-96D8-FE83F5696F5E}.Release|Any CPU.ActiveCfg = Release|Any CPU
		{EC4296DE-115E-4AD7-96D8-FE83F5696F5E}.Release|Any CPU.Build.0 = Release|Any CPU
		{075AB387-8AA9-4FE4-8C47-04A0F95F2931}.Debug|Any CPU.ActiveCfg = Debug|Any CPU
		{075AB387-8AA9-4FE4-8C47-04A0F95F2931}.Debug|Any CPU.Build.0 = Debug|Any CPU
		{075AB387-8AA9-4FE4-8C47-04A0F95F2931}.Release|Any CPU.ActiveCfg = Release|Any CPU
		{075AB387-8AA9-4FE4-8C47-04A0F95F2931}.Release|Any CPU.Build.0 = Release|Any CPU
		{52A1B959-6CE2-49A3-99C3-7753629434FC}.Debug|Any CPU.ActiveCfg = Debug|Any CPU
		{52A1B959-6CE2-49A3-99C3-7753629434FC}.Debug|Any CPU.Build.0 = Debug|Any CPU
		{52A1B959-6CE2-49A3-99C3-7753629434FC}.Release|Any CPU.ActiveCfg = Release|Any CPU
		{52A1B959-6CE2-49A3-99C3-7753629434FC}.Release|Any CPU.Build.0 = Release|Any CPU
		{990197FE-F334-417D-86FE-FF4F09EA72CE}.Debug|Any CPU.ActiveCfg = Debug|Any CPU
		{990197FE-F334-417D-86FE-FF4F09EA72CE}.Debug|Any CPU.Build.0 = Debug|Any CPU
		{990197FE-F334-417D-86FE-FF4F09EA72CE}.Release|Any CPU.ActiveCfg = Release|Any CPU
		{990197FE-F334-417D-86FE-FF4F09EA72CE}.Release|Any CPU.Build.0 = Release|Any CPU
		{E61CE564-F84B-47E9-9678-9F11D5BEE9C0}.Debug|Any CPU.ActiveCfg = Debug|Any CPU
		{E61CE564-F84B-47E9-9678-9F11D5BEE9C0}.Debug|Any CPU.Build.0 = Debug|Any CPU
		{E61CE564-F84B-47E9-9678-9F11D5BEE9C0}.Release|Any CPU.ActiveCfg = Release|Any CPU
		{E61CE564-F84B-47E9-9678-9F11D5BEE9C0}.Release|Any CPU.Build.0 = Release|Any CPU
		{0F3469E2-CBB5-4BCC-86C0-CFABB021135B}.Debug|Any CPU.ActiveCfg = Debug|Any CPU
		{0F3469E2-CBB5-4BCC-86C0-CFABB021135B}.Debug|Any CPU.Build.0 = Debug|Any CPU
		{0F3469E2-CBB5-4BCC-86C0-CFABB021135B}.Release|Any CPU.ActiveCfg = Release|Any CPU
		{0F3469E2-CBB5-4BCC-86C0-CFABB021135B}.Release|Any CPU.Build.0 = Release|Any CPU
	EndGlobalSection
	GlobalSection(SolutionProperties) = preSolution
		HideSolutionNode = FALSE
	EndGlobalSection
EndGlobal
